PODS:
  - Alamofire (4.7.3)
  - CocoaLumberjack/Core (3.4.2)
  - CocoaLumberjack/Swift (3.4.2):
    - CocoaLumberjack/Core

DEPENDENCIES:
  - Alamofire (~> 4.5)
  - CocoaLumberjack/Swift (from `https://github.com/CocoaLumberjack/CocoaLumberjack`, branch `master`)

SPEC REPOS:
  https://github.com/cocoapods/specs.git:
    - Alamofire

EXTERNAL SOURCES:
  CocoaLumberjack:
    :branch: master
    :git: https://github.com/CocoaLumberjack/CocoaLumberjack

CHECKOUT OPTIONS:
  CocoaLumberjack:
    :commit: f4ba9d0249f5777de3ab2bb45277496e5b5ec720
    :git: https://github.com/CocoaLumberjack/CocoaLumberjack

SPEC CHECKSUMS:
  Alamofire: c7287b6e5d7da964a70935e5db17046b7fde6568
  CocoaLumberjack: 42b660d91ece3cbc0b5c23d2e33138025def6791

PODFILE CHECKSUM: bb7f0f7e2a9dc0a9bbfca4985c7e71bcfad1e92c

COCOAPODS: 1.5.3
